// !$*UTF8*$!
{
	archiveVersion = 1;
	classes = {
	};
	objectVersion = 50;
	objects = {

/* Begin PBXBuildFile section */
		826F04CF2423FFB500EA2521 /* AppDelegate.swift in Sources */ = {isa = PBXBuildFile; fileRef = 826F04CE2423FFB500EA2521 /* AppDelegate.swift */; };
		826F04D12423FFB500EA2521 /* SceneDelegate.swift in Sources */ = {isa = PBXBuildFile; fileRef = 826F04D02423FFB500EA2521 /* SceneDelegate.swift */; };
		826F04D32423FFB500EA2521 /* ViewController.swift in Sources */ = {isa = PBXBuildFile; fileRef = 826F04D22423FFB500EA2521 /* ViewController.swift */; };
		826F04D62423FFB500EA2521 /* Main.storyboard in Resources */ = {isa = PBXBuildFile; fileRef = 826F04D42423FFB500EA2521 /* Main.storyboard */; };
		826F04D82423FFB700EA2521 /* Assets.xcassets in Resources */ = {isa = PBXBuildFile; fileRef = 826F04D72423FFB700EA2521 /* Assets.xcassets */; };
		826F04DB2423FFB700EA2521 /* LaunchScreen.storyboard in Resources */ = {isa = PBXBuildFile; fileRef = 826F04D92423FFB700EA2521 /* LaunchScreen.storyboard */; };
		826F04E324240BA300EA2521 /* Reachability.swift in Sources */ = {isa = PBXBuildFile; fileRef = 826F04E224240BA300EA2521 /* Reachability.swift */; };
/* End PBXBuildFile section */

/* Begin PBXFileReference section */
		826F04CB2423FFB500EA2521 /* OpenLibraryRequest.app */ = {isa = PBXFileReference; explicitFileType = wrapper.application; includeInIndex = 0; path = OpenLibraryRequest.app; sourceTree = BUILT_PRODUCTS_DIR; };
		826F04CE2423FFB500EA2521 /* AppDelegate.swift */ = {isa = PBXFileReference; lastKnownFileType = sourcecode.swift; path = AppDelegate.swift; sourceTree = "<group>"; };
		826F04D02423FFB500EA2521 /* SceneDelegate.swift */ = {isa = PBXFileReference; lastKnownFileType = sourcecode.swift; path = SceneDelegate.swift; sourceTree = "<group>"; };
		826F04D22423FFB500EA2521 /* ViewController.swift */ = {isa = PBXFileReference; lastKnownFileType = sourcecode.swift; path = ViewController.swift; sourceTree = "<group>"; };
		826F04D52423FFB500EA2521 /* Base */ = {isa = PBXFileReference; lastKnownFileType = file.storyboard; name = Base; path = Base.lproj/Main.storyboard; sourceTree = "<group>"; };
		826F04D72423FFB700EA2521 /* Assets.xcassets */ = {isa = PBXFileReference; lastKnownFileType = folder.assetcatalog; path = Assets.xcassets; sourceTree = "<group>"; };
		826F04DA2423FFB700EA2521 /* Base */ = {isa = PBXFileReference; lastKnownFileType = file.storyboard; name = Base; path = Base.lproj/LaunchScreen.storyboard; sourceTree = "<group>"; };
		826F04DC2423FFB700EA2521 /* Info.plist */ = {isa = PBXFileReference; lastKnownFileType = text.plist.xml; path = Info.plist; sourceTree = "<group>"; };
		826F04E224240BA300EA2521 /* Reachability.swift */ = {isa = PBXFileReference; lastKnownFileType = sourcecode.swift; path = Reachability.swift; sourceTree = "<group>"; };
/* End PBXFileReference section */

/* Begin PBXFrameworksBuildPhase section */
		826F04C82423FFB500EA2521 /* Frameworks */ = {
			isa = PBXFrameworksBuildPhase;
			buildActionMask = 2147483647;
			files = (
			);
			runOnlyForDeploymentPostprocessing = 0;
		};
/* End PBXFrameworksBuildPhase section */

/* Begin PBXGroup section */
		826F04C22423FFB500EA2521 = {
			isa = PBXGroup;
			children = (
				826F04CD2423FFB500EA2521 /* OpenLibraryRequest */,
				826F04CC2423FFB500EA2521 /* Products */,
			);
			sourceTree = "<group>";
		};
		826F04CC2423FFB500EA2521 /* Products */ = {
			isa = PBXGroup;
			children = (
				826F04CB2423FFB500EA2521 /* OpenLibraryRequest.app */,
			);
			name = Products;
			sourceTree = "<group>";
		};
		826F04CD2423FFB500EA2521 /* OpenLibraryRequest */ = {
			isa = PBXGroup;
			children = (
				826F04E224240BA300EA2521 /* Reachability.swift */,
				826F04CE2423FFB500EA2521 /* AppDelegate.swift */,
				826F04D02423FFB500EA2521 /* SceneDelegate.swift */,
				826F04D22423FFB500EA2521 /* ViewController.swift */,
				826F04D42423FFB500EA2521 /* Main.storyboard */,
				826F04D72423FFB700EA2521 /* Assets.xcassets */,
				826F04D92423FFB700EA2521 /* LaunchScreen.storyboard */,
				826F04DC2423FFB700EA2521 /* Info.plist */,
			);
			path = OpenLibraryRequest;
			sourceTree = "<group>";
		};
/* End PBXGroup section */

/* Begin PBXNativeTarget section */
		826F04CA2423FFB500EA2521 /* OpenLibraryRequest */ = {
			isa = PBXNativeTarget;
			buildConfigurationList = 826F04DF2423FFB700EA2521 /* Build configuration list for PBXNativeTarget "OpenLibraryRequest" */;
			buildPhases = (
				826F04C72423FFB500EA2521 /* Sources */,
				826F04C82423FFB500EA2521 /* Frameworks */,
				826F04C92423FFB500EA2521 /* Resources */,
			);
			buildRules = (
			);
			dependencies = (
			);
			name = OpenLibraryRequest;
			productName = OpenLibraryRequest;
			productReference = 826F04CB2423FFB500EA2521 /* OpenLibraryRequest.app */;
			productType = "com.apple.product-type.application";
		};
/* End PBXNativeTarget section */

/* Begin PBXProject section */
		826F04C32423FFB500EA2521 /* Project object */ = {
			isa = PBXProject;
			attributes = {
				LastSwiftUpdateCheck = 1120;
				LastUpgradeCheck = 1120;
				ORGANIZATIONNAME = "Ivan Pedrero";
				TargetAttributes = {
					826F04CA2423FFB500EA2521 = {
						CreatedOnToolsVersion = 11.2.1;
					};
				};
			};
			buildConfigurationList = 826F04C62423FFB500EA2521 /* Build configuration list for PBXProject "OpenLibraryRequest" */;
			compatibilityVersion = "Xcode 9.3";
			developmentRegion = en;
			hasScannedForEncodings = 0;
			knownRegions = (
				en,
				Base,
			);
			mainGroup = 826F04C22423FFB500EA2521;
			productRefGroup = 826F04CC2423FFB500EA2521 /* Products */;
			projectDirPath = "";
			projectRoot = "";
			targets = (
				826F04CA2423FFB500EA2521 /* OpenLibraryRequest */,
			);
		};
/* End PBXProject section */

/* Begin PBXResourcesBuildPhase section */
		826F04C92423FFB500EA2521 /* Resources */ = {
			isa = PBXResourcesBuildPhase;
			buildActionMask = 2147483647;
			files = (
				826F04DB2423FFB700EA2521 /* LaunchScreen.storyboard in Resources */,
				826F04D82423FFB700EA2521 /* Assets.xcassets in Resources */,
				826F04D62423FFB500EA2521 /* Main.storyboard in Resources */,
			);
			runOnlyForDeploymentPostprocessing = 0;
		};
/* End PBXResourcesBuildPhase section */

/* Begin PBXSourcesBuildPhase section */
		826F04C72423FFB500EA2521 /* Sources */ = {
			isa = PBXSourcesBuildPhase;
			buildActionMask = 2147483647;
			files = (
				826F04D32423FFB500EA2521 /* ViewController.swift in Sources */,
				826F04CF2423FFB500EA2521 /* AppDelegate.swift in Sources */,
				826F04E324240BA300EA2521 /* Reachability.swift in Sources */,
				826F04D12423FFB500EA2521 /* SceneDelegate.swift in Sources */,
			);
			runOnlyForDeploymentPostprocessing = 0;
		};
/* End PBXSourcesBuildPhase section */

/* Begin PBXVariantGroup section */
		826F04D42423FFB500EA2521 /* Main.storyboard */ = {
			isa = PBXVariantGroup;
			children = (
				826F04D52423FFB500EA2521 /* Base */,
			);
			name = Main.storyboard;
			sourceTree = "<group>";
		};
		826F04D92423FFB700EA2521 /* LaunchScreen.storyboard */ = {
			isa = PBXVariantGroup;
			children = (
				826F04DA2423FFB700EA2521 /* Base */,
			);
			name = LaunchScreen.storyboard;
			sourceTree = "<group>";
		};
/* End PBXVariantGroup section */

/* Begin XCBuildConfiguration section */
		826F04DD2423FFB700EA2521 /* Debug */ = {
			isa = XCBuildConfiguration;
			buildSettings = {
				ALWAYS_SEARCH_USER_PATHS = NO;
				CLANG_ANALYZER_NONNULL = YES;
				CLANG_ANALYZER_NUMBER_OBJECT_CONVERSION = YES_AGGRESSIVE;
				CLANG_CXX_LANGUAGE_STANDARD = "gnu++14";
				CLANG_CXX_LIBRARY = "libc++";
				CLANG_ENABLE_MODULES = YES;
				CLANG_ENABLE_OBJC_ARC = YES;
				CLANG_ENABLE_OBJC_WEAK = YES;
				CLANG_WARN_BLOCK_CAPTURE_AUTORELEASING = YES;
				CLANG_WARN_BOOL_CONVERSION = YES;
				CLANG_WARN_COMMA = YES;
				CLANG_WARN_CONSTANT_CONVERSION = YES;
				CLANG_WARN_DEPRECATED_OBJC_IMPLEMENTATIONS = YES;
				CLANG_WARN_DIRECT_OBJC_ISA_USAGE = YES_ERROR;
				CLANG_WARN_DOCUMENTATION_COMMENTS = YES;
				CLANG_WARN_EMPTY_BODY = YES;
				CLANG_WARN_ENUM_CONVERSION = YES;
				CLANG_WARN_INFINITE_RECURSION = YES;
				CLANG_WARN_INT_CONVERSION = YES;
				CLANG_WARN_NON_LITERAL_NULL_CONVERSION = YES;
				CLANG_WARN_OBJC_IMPLICIT_RETAIN_SELF = YES;
				CLANG_WARN_OBJC_LITERAL_CONVERSION = YES;
				CLANG_WARN_OBJC_ROOT_CLASS = YES_ERROR;
				CLANG_WARN_RANGE_LOOP_ANALYSIS = YES;
				CLANG_WARN_STRICT_PROTOTYPES = YES;
				CLANG_WARN_SUSPICIOUS_MOVE = YES;
				CLANG_WARN_UNGUARDED_AVAILABILITY = YES_AGGRESSIVE;
				CLANG_WARN_UNREACHABLE_CODE = YES;
				CLANG_WARN__DUPLICATE_METHOD_MATCH = YES;
				COPY_PHASE_STRIP = NO;
				DEBUG_INFORMATION_FORMAT = dwarf;
				ENABLE_STRICT_OBJC_MSGSEND = YES;
				ENABLE_TESTABILITY = YES;
				GCC_C_LANGUAGE_STANDARD = gnu11;
				GCC_DYNAMIC_NO_PIC = NO;
				GCC_NO_COMMON_BLOCKS = YES;
				GCC_OPTIMIZATION_LEVEL = 0;
				GCC_PREPROCESSOR_DEFINITIONS = (
					"DEBUG=1",
					"$(inherited)",
				);
				GCC_WARN_64_TO_32_BIT_CONVERSION = YES;
				GCC_WARN_ABOUT_RETURN_TYPE = YES_ERROR;
				GCC_WARN_UNDECLARED_SELECTOR = YES;
				GCC_WARN_UNINITIALIZED_AUTOS = YES_AGGRESSIVE;
				GCC_WARN_UNUSED_FUNCTION = YES;
				GCC_WARN_UNUSED_VARIABLE = YES;
				IPHONEOS_DEPLOYMENT_TARGET = 13.2;
				MTL_ENABLE_DEBUG_INFO = INCLUDE_SOURCE;
				MTL_FAST_MATH = YES;
				ONLY_ACTIVE_ARCH = YES;
				SDKROOT = iphoneos;
				SWIFT_ACTIVE_COMPILATION_CONDITIONS = DEBUG;
				SWIFT_OPTIMIZATION_LEVEL = "-Onone";
			};
			name = Debug;
		};
		826F04DE2423FFB700EA2521 /* Release */ = {
			isa = XCBuildConfiguration;
			buildSettings = {
				ALWAYS_SEARCH_USER_PATHS = NO;
				CLANG_ANALYZER_NONNULL = YES;
				CLANG_ANALYZER_NUMBER_OBJECT_CONVERSION = YES_AGGRESSIVE;
				CLANG_CXX_LANGUAGE_STANDARD = "gnu++14";
				CLANG_CXX_LIBRARY = "libc++";
				CLANG_ENABLE_MODULES = YES;
				CLANG_ENABLE_OBJC_ARC = YES;
				CLANG_ENABLE_OBJC_WEAK = YES;
				CLANG_WARN_BLOCK_CAPTURE_AUTORELEASING = YES;
				CLANG_WARN_BOOL_CONVERSION = YES;
				CLANG_WARN_COMMA = YES;
				CLANG_WARN_CONSTANT_CONVERSION = YES;
				CLANG_WARN_DEPRECATED_OBJC_IMPLEMENTATIONS = YES;
				CLANG_WARN_DIRECT_OBJC_ISA_USAGE = YES_ERROR;
				CLANG_WARN_DOCUMENTATION_COMMENTS = YES;
				CLANG_WARN_EMPTY_BODY = YES;
				CLANG_WARN_ENUM_CONVERSION = YES;
				CLANG_WARN_INFINITE_RECURSION = YES;
				CLANG_WARN_INT_CONVERSION = YES;
				CLANG_WARN_NON_LITERAL_NULL_CONVERSION = YES;
				CLANG_WARN_OBJC_IMPLICIT_RETAIN_SELF = YES;
				CLANG_WARN_OBJC_LITERAL_CONVERSION = YES;
				CLANG_WARN_OBJC_ROOT_CLASS = YES_ERROR;
				CLANG_WARN_RANGE_LOOP_ANALYSIS = YES;
				CLANG_WARN_STRICT_PROTOTYPES = YES;
				CLANG_WARN_SUSPICIOUS_MOVE = YES;
				CLANG_WARN_UNGUARDED_AVAILABILITY = YES_AGGRESSIVE;
				CLANG_WARN_UNREACHABLE_CODE = YES;
				CLANG_WARN__DUPLICATE_METHOD_MATCH = YES;
				COPY_PHASE_STRIP = NO;
				DEBUG_INFORMATION_FORMAT = "dwarf-with-dsym";
				ENABLE_NS_ASSERTIONS = NO;
				ENABLE_STRICT_OBJC_MSGSEND = YES;
				GCC_C_LANGUAGE_STANDARD = gnu11;
				GCC_NO_COMMON_BLOCKS = YES;
				GCC_WARN_64_TO_32_BIT_CONVERSION = YES;
				GCC_WARN_ABOUT_RETURN_TYPE = YES_ERROR;
				GCC_WARN_UNDECLARED_SELECTOR = YES;
				GCC_WARN_UNINITIALIZED_AUTOS = YES_AGGRESSIVE;
				GCC_WARN_UNUSED_FUNCTION = YES;
				GCC_WARN_UNUSED_VARIABLE = YES;
				IPHONEOS_DEPLOYMENT_TARGET = 13.2;
				MTL_ENABLE_DEBUG_INFO = NO;
				MTL_FAST_MATH = YES;
				SDKROOT = iphoneos;
				SWIFT_COMPILATION_MODE = wholemodule;
				SWIFT_OPTIMIZATION_LEVEL = "-O";
				VALIDATE_PRODUCT = YES;
			};
			name = Release;
		};
		826F04E02423FFB700EA2521 /* Debug */ = {
			isa = XCBuildConfiguration;
			buildSettings = {
				ASSETCATALOG_COMPILER_APPICON_NAME = AppIcon;
				CODE_SIGN_STYLE = Automatic;
				INFOPLIST_FILE = OpenLibraryRequest/Info.plist;
				LD_RUNPATH_SEARCH_PATHS = (
					"$(inherited)",
					"@executable_path/Frameworks",
				);
				PRODUCT_BUNDLE_IDENTIFIER = com.pedrero.OpenLibraryRequest;
				PRODUCT_NAME = "$(TARGET_NAME)";
				SWIFT_VERSION = 5.0;
				TARGETED_DEVICE_FAMILY = "1,2";
			};
			name = Debug;
		};
		826F04E12423FFB700EA2521 /* Release */ = {
			isa = XCBuildConfiguration;
			buildSettings = {
				ASSETCATALOG_COMPILER_APPICON_NAME = AppIcon;
				CODE_SIGN_STYLE = Automatic;
				INFOPLIST_FILE = OpenLibraryRequest/Info.plist;
				LD_RUNPATH_SEARCH_PATHS = (
					"$(inherited)",
					"@executable_path/Frameworks",
				);
				PRODUCT_BUNDLE_IDENTIFIER = com.pedrero.OpenLibraryRequest;
				PRODUCT_NAME = "$(TARGET_NAME)";
				SWIFT_VERSION = 5.0;
				TARGETED_DEVICE_FAMILY = "1,2";
			};
			name = Release;
		};
/* End XCBuildConfiguration section */

/* Begin XCConfigurationList section */
		826F04C62423FFB500EA2521 /* Build configuration list for PBXProject "OpenLibraryRequest" */ = {
			isa = XCConfigurationList;
			buildConfigurations = (
				826F04DD2423FFB700EA2521 /* Debug */,
				826F04DE2423FFB700EA2521 /* Release */,
			);
			defaultConfigurationIsVisible = 0;
			defaultConfigurationName = Release;
		};
		826F04DF2423FFB700EA2521 /* Build configuration list for PBXNativeTarget "OpenLibraryRequest" */ = {
			isa = XCConfigurationList;
			buildConfigurations = (
				826F04E02423FFB700EA2521 /* Debug */,
				826F04E12423FFB700EA2521 /* Release */,
			);
			defaultConfigurationIsVisible = 0;
			defaultConfigurationName = Release;
		};
/* End XCConfigurationList section */
	};
	rootObject = 826F04C32423FFB500EA2521 /* Project object */;
}
